
Microsoft Visual Studio Solution File, Format Version 12.00
# Visual Studio Version 17
VisualStudioVersion = 17.3.32825.248
MinimumVisualStudioVersion = 10.0.40219.1
Project("{FAE04EC0-301F-11D3-BF4B-00C04F79EFBC}") = "PrjWinProject1", "PrjWinProject1\PrjWinProject1.csproj", "{7565C5F9-3D25-49B6-88A9-6B17EAA6DA11}"
EndProject
Global
	GlobalSection(SolutionConfigurationPlatforms) = preSolution
		Debug|Any CPU = Debug|Any CPU
		Release|Any CPU = Release|Any CPU
	EndGlobalSection
	GlobalSection(ProjectConfigurationPlatforms) = postSolution
		{7565C5F9-3D25-49B6-88A9-6B17EAA6DA11}.Debug|Any CPU.ActiveCfg = Debug|Any CPU
		{7565C5F9-3D25-49B6-88A9-6B17EAA6DA11}.Debug|Any CPU.Build.0 = Debug|Any CPU
		{7565C5F9-3D25-49B6-88A9-6B17EAA6DA11}.Release|Any CPU.ActiveCfg = Release|Any CPU
		{7565C5F9-3D25-49B6-88A9-6B17EAA6DA11}.Release|Any CPU.Build.0 = Release|Any CPU
	EndGlobalSection
	GlobalSection(SolutionProperties) = preSolution
		HideSolutionNode = FALSE
	EndGlobalSection
	GlobalSection(ExtensibilityGlobals) = postSolution
		SolutionGuid = {090A1252-F9A3-42C4-8D5A-B76187405E91}
	EndGlobalSection
EndGlobal
